
Microsoft Visual Studio Solution File, Format Version 12.00
# Visual Studio 15
VisualStudioVersion = 15.0.26730.3
MinimumVisualStudioVersion = 10.0.40219.1
Project("{FAE04EC0-301F-11D3-BF4B-00C04F79EFBC}") = "Wikiled.Text.Inquirer", "Wikiled.Text.Inquirer\Wikiled.Text.Inquirer.csproj", "{A3A46AE9-5DC9-45D8-A2BD-5388333CC3B7}"
EndProject
Project("{FAE04EC0-301F-11D3-BF4B-00C04F79EFBC}") = "Wikiled.Text.Inquirer.Tests", "Wikiled.Text.Inquirer.Tests\Wikiled.Text.Inquirer.Tests.csproj", "{CB446382-ACB4-493A-B8A4-93D3E14C0212}"
EndProject
Global
	GlobalSection(SolutionConfigurationPlatforms) = preSolution
		Debug|Any CPU = Debug|Any CPU
		Release|Any CPU = Release|Any CPU
	EndGlobalSection
	GlobalSection(ProjectConfigurationPlatforms) = postSolution
		{A3A46AE9-5DC9-45D8-A2BD-5388333CC3B7}.Debug|Any CPU.ActiveCfg = Debug|Any CPU
		{A3A46AE9-5DC9-45D8-A2BD-5388333CC3B7}.Debug|Any CPU.Build.0 = Debug|Any CPU
		{A3A46AE9-5DC9-45D8-A2BD-5388333CC3B7}.Release|Any CPU.ActiveCfg = Release|Any CPU
		{A3A46AE9-5DC9-45D8-A2BD-5388333CC3B7}.Release|Any CPU.Build.0 = Release|Any CPU
		{CB446382-ACB4-493A-B8A4-93D3E14C0212}.Debug|Any CPU.ActiveCfg = Debug|Any CPU
		{CB446382-ACB4-493A-B8A4-93D3E14C0212}.Debug|Any CPU.Build.0 = Debug|Any CPU
		{CB446382-ACB4-493A-B8A4-93D3E14C0212}.Release|Any CPU.ActiveCfg = Release|Any CPU
		{CB446382-ACB4-493A-B8A4-93D3E14C0212}.Release|Any CPU.Build.0 = Release|Any CPU
	EndGlobalSection
	GlobalSection(SolutionProperties) = preSolution
		HideSolutionNode = FALSE
	EndGlobalSection
	GlobalSection(ExtensibilityGlobals) = postSolution
		SolutionGuid = {4CCA3852-7D09-46D1-988E-4B1377566672}
	EndGlobalSection
EndGlobal
